
Microsoft Visual Studio Solution File, Format Version 12.00
# Visual Studio Version 16
VisualStudioVersion = 16.0.30320.27
MinimumVisualStudioVersion = 10.0.40219.1
Project("{FAE04EC0-301F-11D3-BF4B-00C04F79EFBC}") = "PetInfoApi", "PetInfoApi\PetInfoApi.csproj", "{8A90AE74-B7D5-4556-B3EE-55E26C6F00B9}"
EndProject
Global
	GlobalSection(SolutionConfigurationPlatforms) = preSolution
		Debug|Any CPU = Debug|Any CPU
		Release|Any CPU = Release|Any CPU
	EndGlobalSection
	GlobalSection(ProjectConfigurationPlatforms) = postSolution
		{8A90AE74-B7D5-4556-B3EE-55E26C6F00B9}.Debug|Any CPU.ActiveCfg = Debug|Any CPU
		{8A90AE74-B7D5-4556-B3EE-55E26C6F00B9}.Debug|Any CPU.Build.0 = Debug|Any CPU
		{8A90AE74-B7D5-4556-B3EE-55E26C6F00B9}.Release|Any CPU.ActiveCfg = Release|Any CPU
		{8A90AE74-B7D5-4556-B3EE-55E26C6F00B9}.Release|Any CPU.Build.0 = Release|Any CPU
	EndGlobalSection
	GlobalSection(SolutionProperties) = preSolution
		HideSolutionNode = FALSE
	EndGlobalSection
	GlobalSection(ExtensibilityGlobals) = postSolution
		SolutionGuid = {F8C6F4F4-D343-47CF-9000-30AA6C752B77}
	EndGlobalSection
EndGlobal
